{
    "_readme": [
        "This file locks the dependencies of your project to a known state",
        "Read more about it at https://getcomposer.org/doc/01-basic-usage.md#installing-dependencies",
        "This file is @generated automatically"
    ],
    "content-hash": "a45af21d8c873496d69eba214fa4b9ad",
    "packages": [
        {
            "name": "halaxa/json-machine",
            "version": "0.5.0",
            "source": {
                "type": "git",
                "url": "https://github.com/halaxa/json-machine.git",
                "reference": "8fe1865a3976807759a3ed7e8744e4a35559b0fa"
            },
            "dist": {
                "type": "zip",
                "url": "https://api.github.com/repos/halaxa/json-machine/zipball/8fe1865a3976807759a3ed7e8744e4a35559b0fa",
                "reference": "8fe1865a3976807759a3ed7e8744e4a35559b0fa",
                "shasum": ""
            },
            "require": {
                "php": ">=5.6"
            },
            "require-dev": {
                "ext-json": "*",
                "guzzlehttp/guzzle": "^6",
                "phpunit/phpunit": "^5.7.27"
            },
            "suggest": {
                "ext-json": "To run JSON Machine out of the box without custom decoders."
            },
            "type": "library",
            "autoload": {
                "psr-4": {
                    "JsonMachine\\": "src/"
                },
                "files": [
                    "src/functions.php"
                ]
            },
            "notification-url": "https://packagist.org/downloads/",
            "license": [
                "Apache-2.0"
            ],
            "authors": [
                {
                    "name": "Filip Halaxa",
                    "email": "filip@halaxa.cz"
                }
            ],
            "description": "Efficient, easy-to-use and fast JSON pull parser",
            "support": {
                "issues": "https://github.com/halaxa/json-machine/issues",
                "source": "https://github.com/halaxa/json-machine/tree/0.5.0"
            },
            "time": "2020-12-08T15:47:58+00:00"
        },
        {
            "name": "salsify/json-streaming-parser",
            "version": "v8.2.0",
            "source": {
                "type": "git",
                "url": "https://github.com/salsify/jsonstreamingparser.git",
                "reference": "4ae5394136a037e09402ba8b48dbf4e20475e69d"
            },
            "dist": {
                "type": "zip",
                "url": "https://api.github.com/repos/salsify/jsonstreamingparser/zipball/4ae5394136a037e09402ba8b48dbf4e20475e69d",
                "reference": "4ae5394136a037e09402ba8b48dbf4e20475e69d",
                "shasum": ""
            },
            "require": {
                "ext-ctype": "*",
                "ext-mbstring": "*",
                "php": ">=7.1"
            },
            "require-dev": {
                "ext-json": "*"
            },
            "type": "library",
            "extra": {
                "branch-alias": {
                    "dev-master": "8.0-dev"
                }
            },
            "autoload": {
                "psr-4": {
                    "JsonStreamingParser\\": "src",
                    "JsonStreamingParser\\Test\\": "tests"
                }
            },
            "notification-url": "https://packagist.org/downloads/",
            "license": [
                "MIT"
            ],
            "authors": [
                {
                    "name": "Rob Gonzalez",
                    "email": "rob@salsify.com",
                    "homepage": "http://salsify.com/"
                },
                {
                    "name": "Maxim Gnatenko",
                    "email": "mgnatenko@gmail.com"
                },
                {
                    "name": "Max Grigorian",
                    "email": "maxakawizard@gmail.com",
                    "homepage": "http://wizardcat.com/"
                },
                {
                    "name": "ThePanz",
                    "email": "thepanz@gmail.com"
                }
            ],
            "description": "A streaming parser for JSON in PHP.",
            "homepage": "https://github.com/salsify/jsonstreamingparser",
            "keywords": [
                "json",
                "parser",
                "streaming"
            ],
            "support": {
                "issues": "https://github.com/salsify/jsonstreamingparser/issues",
                "source": "https://github.com/salsify/jsonstreamingparser/tree/master"
            },
            "time": "2020-05-22T20:10:04+00:00"
        }
    ],
    "packages-dev": [],
    "aliases": [],
    "minimum-stability": "stable",
    "stability-flags": [],
    "prefer-stable": false,
    "prefer-lowest": false,
    "platform": [],
    "platform-dev": [],
    "plugin-api-version": "2.0.0"
}
